
Microsoft Visual Studio Solution File, Format Version 12.00
# Visual Studio 15
VisualStudioVersion = 15.0.28010.2036
MinimumVisualStudioVersion = 10.0.40219.1
Project("{8BC9CEB8-8B4A-11D0-8D11-00A0C91BC942}") = "ch3_lab2-2", "ch3_lab2-2\ch3_lab2-2.vcxproj", "{E001B6A1-3864-4043-A390-BCFF78DF9DC5}"
EndProject
Global
	GlobalSection(SolutionConfigurationPlatforms) = preSolution
		Debug|x64 = Debug|x64
		Debug|x86 = Debug|x86
		Release|x64 = Release|x64
		Release|x86 = Release|x86
	EndGlobalSection
	GlobalSection(ProjectConfigurationPlatforms) = postSolution
		{E001B6A1-3864-4043-A390-BCFF78DF9DC5}.Debug|x64.ActiveCfg = Debug|x64
		{E001B6A1-3864-4043-A390-BCFF78DF9DC5}.Debug|x64.Build.0 = Debug|x64
		{E001B6A1-3864-4043-A390-BCFF78DF9DC5}.Debug|x86.ActiveCfg = Debug|Win32
		{E001B6A1-3864-4043-A390-BCFF78DF9DC5}.Debug|x86.Build.0 = Debug|Win32
		{E001B6A1-3864-4043-A390-BCFF78DF9DC5}.Release|x64.ActiveCfg = Release|x64
		{E001B6A1-3864-4043-A390-BCFF78DF9DC5}.Release|x64.Build.0 = Release|x64
		{E001B6A1-3864-4043-A390-BCFF78DF9DC5}.Release|x86.ActiveCfg = Release|Win32
		{E001B6A1-3864-4043-A390-BCFF78DF9DC5}.Release|x86.Build.0 = Release|Win32
	EndGlobalSection
	GlobalSection(SolutionProperties) = preSolution
		HideSolutionNode = FALSE
	EndGlobalSection
	GlobalSection(ExtensibilityGlobals) = postSolution
		SolutionGuid = {7567152B-E3F4-42D0-8796-E62BA9488EF4}
	EndGlobalSection
EndGlobal
